# This file is automatically @generated by Cargo.
# It is not intended for manual editing.
version = 4

[[package]]
name = "karst"
version = "0.5.0"
dependencies = [
 "karst_core",
 "karst_expander",
 "karst_reader",
 "karst_span",
 "karst_syntax",
]

[[package]]
name = "karst_core"
version = "0.5.0"
dependencies = [
 "karst_span",
 "karst_syntax",
]

[[package]]
name = "karst_expander"
version = "0.5.0"
dependencies = [
 "karst_core",
 "karst_span",
 "karst_syntax",
]

[[package]]
name = "karst_reader"
version = "0.5.0"
dependencies = [
 "karst_span",
 "karst_syntax",
]

[[package]]
name = "karst_span"
version = "0.5.0"

[[package]]
name = "karst_syntax"
version = "0.5.0"
dependencies = [
 "karst_span",
]
